
Microsoft Visual Studio Solution File, Format Version 12.00
# Visual Studio Version 17
VisualStudioVersion = 17.8.34322.80
MinimumVisualStudioVersion = 10.0.40219.1
Project("{FAE04EC0-301F-11D3-BF4B-00C04F79EFBC}") = "Phase4Section1.4", "Phase4Section1.4\Phase4Section1.4.csproj", "{542DD168-AA02-456E-BC02-1F55BD9C8A1C}"
EndProject
Global
	GlobalSection(SolutionConfigurationPlatforms) = preSolution
		Debug|Any CPU = Debug|Any CPU
		Release|Any CPU = Release|Any CPU
	EndGlobalSection
	GlobalSection(ProjectConfigurationPlatforms) = postSolution
		{542DD168-AA02-456E-BC02-1F55BD9C8A1C}.Debug|Any CPU.ActiveCfg = Debug|Any CPU
		{542DD168-AA02-456E-BC02-1F55BD9C8A1C}.Debug|Any CPU.Build.0 = Debug|Any CPU
		{542DD168-AA02-456E-BC02-1F55BD9C8A1C}.Release|Any CPU.ActiveCfg = Release|Any CPU
		{542DD168-AA02-456E-BC02-1F55BD9C8A1C}.Release|Any CPU.Build.0 = Release|Any CPU
	EndGlobalSection
	GlobalSection(SolutionProperties) = preSolution
		HideSolutionNode = FALSE
	EndGlobalSection
	GlobalSection(ExtensibilityGlobals) = postSolution
		SolutionGuid = {2F93AE81-CE02-4BD3-A33B-773DF48F19E3}
	EndGlobalSection
EndGlobal
